
Microsoft Visual Studio Solution File, Format Version 11.00
# Visual Studio 2010
Project("{8BC9CEB8-8B4A-11D0-8D11-00A0C91BC942}") = "hello_vc_prj", "hello_vc_prj.vcxproj", "{C3941E97-02D9-4B4B-A1C7-2BEA44230DA7}"
EndProject
Global
	GlobalSection(SolutionConfigurationPlatforms) = preSolution
		Debug|Win32 = Debug|Win32
		Release|Win32 = Release|Win32
	EndGlobalSection
	GlobalSection(ProjectConfigurationPlatforms) = postSolution
		{C3941E97-02D9-4B4B-A1C7-2BEA44230DA7}.Debug|Win32.ActiveCfg = Debug|Win32
		{C3941E97-02D9-4B4B-A1C7-2BEA44230DA7}.Debug|Win32.Build.0 = Debug|Win32
		{C3941E97-02D9-4B4B-A1C7-2BEA44230DA7}.Release|Win32.ActiveCfg = Release|Win32
		{C3941E97-02D9-4B4B-A1C7-2BEA44230DA7}.Release|Win32.Build.0 = Release|Win32
	EndGlobalSection
	GlobalSection(SolutionProperties) = preSolution
		HideSolutionNode = FALSE
	EndGlobalSection
EndGlobal
